
Microsoft Visual Studio Solution File, Format Version 12.00
# Visual Studio Version 16
VisualStudioVersion = 16.0.31729.503
MinimumVisualStudioVersion = 10.0.40219.1
Project("{FAE04EC0-301F-11D3-BF4B-00C04F79EFBC}") = "aoc9", "aoc9\aoc9.csproj", "{DEF7C06D-4930-4819-AB61-454A2F410012}"
EndProject
Global
	GlobalSection(SolutionConfigurationPlatforms) = preSolution
		Debug|Any CPU = Debug|Any CPU
		Release|Any CPU = Release|Any CPU
	EndGlobalSection
	GlobalSection(ProjectConfigurationPlatforms) = postSolution
		{DEF7C06D-4930-4819-AB61-454A2F410012}.Debug|Any CPU.ActiveCfg = Debug|Any CPU
		{DEF7C06D-4930-4819-AB61-454A2F410012}.Debug|Any CPU.Build.0 = Debug|Any CPU
		{DEF7C06D-4930-4819-AB61-454A2F410012}.Release|Any CPU.ActiveCfg = Release|Any CPU
		{DEF7C06D-4930-4819-AB61-454A2F410012}.Release|Any CPU.Build.0 = Release|Any CPU
	EndGlobalSection
	GlobalSection(SolutionProperties) = preSolution
		HideSolutionNode = FALSE
	EndGlobalSection
	GlobalSection(ExtensibilityGlobals) = postSolution
		SolutionGuid = {F5EDA3BC-28E0-4179-927C-7E5969B188A2}
	EndGlobalSection
EndGlobal
